[root]
name = "shadowsocks-rust"
version = "0.1.0"
dependencies = [
 "byteorder 0.5.3 (registry+git://crates.mirrors.ustc.edu.cn/index)",
 "chrono 0.2.25 (registry+git://crates.mirrors.ustc.edu.cn/index)",
 "clap 2.12.1 (registry+git://crates.mirrors.ustc.edu.cn/index)",
 "env_logger 0.3.5 (registry+git://crates.mirrors.ustc.edu.cn/index)",
 "fnv 1.0.4 (registry+git://crates.mirrors.ustc.edu.cn/index)",
 "lazy_static 0.2.1 (registry+git://crates.mirrors.ustc.edu.cn/index)",
 "log 0.3.6 (registry+git://crates.mirrors.ustc.edu.cn/index)",
 "lru_time_cache 0.5.0 (registry+git://crates.mirrors.ustc.edu.cn/index)",
 "mio 0.5.1 (registry+git://crates.mirrors.ustc.edu.cn/index)",
 "rand 0.3.14 (registry+git://crates.mirrors.ustc.edu.cn/index)",
 "regex 0.1.77 (registry+git://crates.mirrors.ustc.edu.cn/index)",
 "rust-crypto 0.2.36 (registry+git://crates.mirrors.ustc.edu.cn/index)",
 "toml 0.1.30 (registry+git://crates.mirrors.ustc.edu.cn/index)",
 "try_opt 0.1.1 (registry+git://crates.mirrors.ustc.edu.cn/index)",
]

[[package]]
name = "aho-corasick"
version = "0.5.3"
source = "registry+git://crates.mirrors.ustc.edu.cn/index"
dependencies = [
 "memchr 0.1.11 (registry+git://crates.mirrors.ustc.edu.cn/index)",
]

[[package]]
name = "ansi_term"
version = "0.9.0"
source = "registry+git://crates.mirrors.ustc.edu.cn/index"

[[package]]
name = "bitflags"
version = "0.4.0"
source = "registry+git://crates.mirrors.ustc.edu.cn/index"

[[package]]
name = "bitflags"
version = "0.7.0"
source = "registry+git://crates.mirrors.ustc.edu.cn/index"

[[package]]
name = "byteorder"
version = "0.5.3"
source = "registry+git://crates.mirrors.ustc.edu.cn/index"

[[package]]
name = "bytes"
version = "0.3.0"
source = "registry+git://crates.mirrors.ustc.edu.cn/index"

[[package]]
name = "cfg-if"
version = "0.1.0"
source = "registry+git://crates.mirrors.ustc.edu.cn/index"

[[package]]
name = "chrono"
version = "0.2.25"
source = "registry+git://crates.mirrors.ustc.edu.cn/index"
dependencies = [
 "num 0.1.35 (registry+git://crates.mirrors.ustc.edu.cn/index)",
 "time 0.1.35 (registry+git://crates.mirrors.ustc.edu.cn/index)",
]

[[package]]
name = "clap"
version = "2.12.1"
source = "registry+git://crates.mirrors.ustc.edu.cn/index"
dependencies = [
 "ansi_term 0.9.0 (registry+git://crates.mirrors.ustc.edu.cn/index)",
 "bitflags 0.7.0 (registry+git://crates.mirrors.ustc.edu.cn/index)",
 "libc 0.2.16 (registry+git://crates.mirrors.ustc.edu.cn/index)",
 "strsim 0.5.1 (registry+git://crates.mirrors.ustc.edu.cn/index)",
 "term_size 0.2.1 (registry+git://crates.mirrors.ustc.edu.cn/index)",
 "unicode-segmentation 0.1.2 (registry+git://crates.mirrors.ustc.edu.cn/index)",
 "unicode-width 0.1.3 (registry+git://crates.mirrors.ustc.edu.cn/index)",
 "vec_map 0.6.0 (registry+git://crates.mirrors.ustc.edu.cn/index)",
]

[[package]]
name = "env_logger"
version = "0.3.5"
source = "registry+git://crates.mirrors.ustc.edu.cn/index"
dependencies = [
 "log 0.3.6 (registry+git://crates.mirrors.ustc.edu.cn/index)",
 "regex 0.1.77 (registry+git://crates.mirrors.ustc.edu.cn/index)",
]

[[package]]
name = "fnv"
version = "1.0.4"
source = "registry+git://crates.mirrors.ustc.edu.cn/index"

[[package]]
name = "gcc"
version = "0.3.35"
source = "registry+git://crates.mirrors.ustc.edu.cn/index"

[[package]]
name = "kernel32-sys"
version = "0.2.2"
source = "registry+git://crates.mirrors.ustc.edu.cn/index"
dependencies = [
 "winapi 0.2.8 (registry+git://crates.mirrors.ustc.edu.cn/index)",
 "winapi-build 0.1.1 (registry+git://crates.mirrors.ustc.edu.cn/index)",
]

[[package]]
name = "lazy_static"
version = "0.2.1"
source = "registry+git://crates.mirrors.ustc.edu.cn/index"

[[package]]
name = "libc"
version = "0.2.16"
source = "registry+git://crates.mirrors.ustc.edu.cn/index"

[[package]]
name = "log"
version = "0.3.6"
source = "registry+git://crates.mirrors.ustc.edu.cn/index"

[[package]]
name = "lru_time_cache"
version = "0.5.0"
source = "registry+git://crates.mirrors.ustc.edu.cn/index"

[[package]]
name = "memchr"
version = "0.1.11"
source = "registry+git://crates.mirrors.ustc.edu.cn/index"
dependencies = [
 "libc 0.2.16 (registry+git://crates.mirrors.ustc.edu.cn/index)",
]

[[package]]
name = "mio"
version = "0.5.1"
source = "registry+git://crates.mirrors.ustc.edu.cn/index"
dependencies = [
 "bytes 0.3.0 (registry+git://crates.mirrors.ustc.edu.cn/index)",
 "libc 0.2.16 (registry+git://crates.mirrors.ustc.edu.cn/index)",
 "log 0.3.6 (registry+git://crates.mirrors.ustc.edu.cn/index)",
 "miow 0.1.3 (registry+git://crates.mirrors.ustc.edu.cn/index)",
 "net2 0.2.26 (registry+git://crates.mirrors.ustc.edu.cn/index)",
 "nix 0.5.1 (registry+git://crates.mirrors.ustc.edu.cn/index)",
 "slab 0.1.3 (registry+git://crates.mirrors.ustc.edu.cn/index)",
 "time 0.1.35 (registry+git://crates.mirrors.ustc.edu.cn/index)",
 "winapi 0.2.8 (registry+git://crates.mirrors.ustc.edu.cn/index)",
]

[[package]]
name = "miow"
version = "0.1.3"
source = "registry+git://crates.mirrors.ustc.edu.cn/index"
dependencies = [
 "kernel32-sys 0.2.2 (registry+git://crates.mirrors.ustc.edu.cn/index)",
 "net2 0.2.26 (registry+git://crates.mirrors.ustc.edu.cn/index)",
 "winapi 0.2.8 (registry+git://crates.mirrors.ustc.edu.cn/index)",
 "ws2_32-sys 0.2.1 (registry+git://crates.mirrors.ustc.edu.cn/index)",
]

[[package]]
name = "net2"
version = "0.2.26"
source = "registry+git://crates.mirrors.ustc.edu.cn/index"
dependencies = [
 "cfg-if 0.1.0 (registry+git://crates.mirrors.ustc.edu.cn/index)",
 "kernel32-sys 0.2.2 (registry+git://crates.mirrors.ustc.edu.cn/index)",
 "libc 0.2.16 (registry+git://crates.mirrors.ustc.edu.cn/index)",
 "winapi 0.2.8 (registry+git://crates.mirrors.ustc.edu.cn/index)",
 "ws2_32-sys 0.2.1 (registry+git://crates.mirrors.ustc.edu.cn/index)",
]

[[package]]
name = "nix"
version = "0.5.1"
source = "registry+git://crates.mirrors.ustc.edu.cn/index"
dependencies = [
 "bitflags 0.4.0 (registry+git://crates.mirrors.ustc.edu.cn/index)",
 "libc 0.2.16 (registry+git://crates.mirrors.ustc.edu.cn/index)",
]

[[package]]
name = "num"
version = "0.1.35"
source = "registry+git://crates.mirrors.ustc.edu.cn/index"
dependencies = [
 "num-integer 0.1.32 (registry+git://crates.mirrors.ustc.edu.cn/index)",
 "num-iter 0.1.32 (registry+git://crates.mirrors.ustc.edu.cn/index)",
 "num-traits 0.1.35 (registry+git://crates.mirrors.ustc.edu.cn/index)",
]

[[package]]
name = "num-integer"
version = "0.1.32"
source = "registry+git://crates.mirrors.ustc.edu.cn/index"
dependencies = [
 "num-traits 0.1.35 (registry+git://crates.mirrors.ustc.edu.cn/index)",
]

[[package]]
name = "num-iter"
version = "0.1.32"
source = "registry+git://crates.mirrors.ustc.edu.cn/index"
dependencies = [
 "num-integer 0.1.32 (registry+git://crates.mirrors.ustc.edu.cn/index)",
 "num-traits 0.1.35 (registry+git://crates.mirrors.ustc.edu.cn/index)",
]

[[package]]
name = "num-traits"
version = "0.1.35"
source = "registry+git://crates.mirrors.ustc.edu.cn/index"

[[package]]
name = "rand"
version = "0.3.14"
source = "registry+git://crates.mirrors.ustc.edu.cn/index"
dependencies = [
 "libc 0.2.16 (registry+git://crates.mirrors.ustc.edu.cn/index)",
]

[[package]]
name = "regex"
version = "0.1.77"
source = "registry+git://crates.mirrors.ustc.edu.cn/index"
dependencies = [
 "aho-corasick 0.5.3 (registry+git://crates.mirrors.ustc.edu.cn/index)",
 "memchr 0.1.11 (registry+git://crates.mirrors.ustc.edu.cn/index)",
 "regex-syntax 0.3.5 (registry+git://crates.mirrors.ustc.edu.cn/index)",
 "thread_local 0.2.6 (registry+git://crates.mirrors.ustc.edu.cn/index)",
 "utf8-ranges 0.1.3 (registry+git://crates.mirrors.ustc.edu.cn/index)",
]

[[package]]
name = "regex-syntax"
version = "0.3.5"
source = "registry+git://crates.mirrors.ustc.edu.cn/index"

[[package]]
name = "rust-crypto"
version = "0.2.36"
source = "registry+git://crates.mirrors.ustc.edu.cn/index"
dependencies = [
 "gcc 0.3.35 (registry+git://crates.mirrors.ustc.edu.cn/index)",
 "libc 0.2.16 (registry+git://crates.mirrors.ustc.edu.cn/index)",
 "rand 0.3.14 (registry+git://crates.mirrors.ustc.edu.cn/index)",
 "rustc-serialize 0.3.19 (registry+git://crates.mirrors.ustc.edu.cn/index)",
 "time 0.1.35 (registry+git://crates.mirrors.ustc.edu.cn/index)",
]

[[package]]
name = "rustc-serialize"
version = "0.3.19"
source = "registry+git://crates.mirrors.ustc.edu.cn/index"

[[package]]
name = "slab"
version = "0.1.3"
source = "registry+git://crates.mirrors.ustc.edu.cn/index"

[[package]]
name = "strsim"
version = "0.5.1"
source = "registry+git://crates.mirrors.ustc.edu.cn/index"

[[package]]
name = "term_size"
version = "0.2.1"
source = "registry+git://crates.mirrors.ustc.edu.cn/index"
dependencies = [
 "kernel32-sys 0.2.2 (registry+git://crates.mirrors.ustc.edu.cn/index)",
 "libc 0.2.16 (registry+git://crates.mirrors.ustc.edu.cn/index)",
 "winapi 0.2.8 (registry+git://crates.mirrors.ustc.edu.cn/index)",
]

[[package]]
name = "thread-id"
version = "2.0.0"
source = "registry+git://crates.mirrors.ustc.edu.cn/index"
dependencies = [
 "kernel32-sys 0.2.2 (registry+git://crates.mirrors.ustc.edu.cn/index)",
 "libc 0.2.16 (registry+git://crates.mirrors.ustc.edu.cn/index)",
]

[[package]]
name = "thread_local"
version = "0.2.6"
source = "registry+git://crates.mirrors.ustc.edu.cn/index"
dependencies = [
 "thread-id 2.0.0 (registry+git://crates.mirrors.ustc.edu.cn/index)",
]

[[package]]
name = "time"
version = "0.1.35"
source = "registry+git://crates.mirrors.ustc.edu.cn/index"
dependencies = [
 "kernel32-sys 0.2.2 (registry+git://crates.mirrors.ustc.edu.cn/index)",
 "libc 0.2.16 (registry+git://crates.mirrors.ustc.edu.cn/index)",
 "winapi 0.2.8 (registry+git://crates.mirrors.ustc.edu.cn/index)",
]

[[package]]
name = "toml"
version = "0.1.30"
source = "registry+git://crates.mirrors.ustc.edu.cn/index"
dependencies = [
 "rustc-serialize 0.3.19 (registry+git://crates.mirrors.ustc.edu.cn/index)",
]

[[package]]
name = "try_opt"
version = "0.1.1"
source = "registry+git://crates.mirrors.ustc.edu.cn/index"

[[package]]
name = "unicode-segmentation"
version = "0.1.2"
source = "registry+git://crates.mirrors.ustc.edu.cn/index"

[[package]]
name = "unicode-width"
version = "0.1.3"
source = "registry+git://crates.mirrors.ustc.edu.cn/index"

[[package]]
name = "utf8-ranges"
version = "0.1.3"
source = "registry+git://crates.mirrors.ustc.edu.cn/index"

[[package]]
name = "vec_map"
version = "0.6.0"
source = "registry+git://crates.mirrors.ustc.edu.cn/index"

[[package]]
name = "winapi"
version = "0.2.8"
source = "registry+git://crates.mirrors.ustc.edu.cn/index"

[[package]]
name = "winapi-build"
version = "0.1.1"
source = "registry+git://crates.mirrors.ustc.edu.cn/index"

[[package]]
name = "ws2_32-sys"
version = "0.2.1"
source = "registry+git://crates.mirrors.ustc.edu.cn/index"
dependencies = [
 "winapi 0.2.8 (registry+git://crates.mirrors.ustc.edu.cn/index)",
 "winapi-build 0.1.1 (registry+git://crates.mirrors.ustc.edu.cn/index)",
]

[metadata]
"checksum aho-corasick 0.5.2 (registry+git://crates.mirrors.ustc.edu.cn/index)" = "2b3fb52b09c1710b961acb35390d514be82e4ac96a9969a8e38565a29b878dc9"
"checksum ansi_term 0.8.0 (registry+git://crates.mirrors.ustc.edu.cn/index)" = "c877397e09fec7a240af5fa74ad0124054b8066149d6544cd1ace93f8de3be68"
"checksum bitflags 0.4.0 (registry+git://crates.mirrors.ustc.edu.cn/index)" = "8dead7461c1127cf637931a1e50934eb6eee8bff2f74433ac7909e9afcee04a3"
"checksum bitflags 0.7.0 (registry+git://crates.mirrors.ustc.edu.cn/index)" = "aad18937a628ec6abcd26d1489012cc0e18c21798210f491af69ded9b881106d"
"checksum byteorder 0.5.3 (registry+git://crates.mirrors.ustc.edu.cn/index)" = "0fc10e8cc6b2580fda3f36eb6dc5316657f812a3df879a44a66fc9f0fdbc4855"
"checksum bytes 0.3.0 (registry+git://crates.mirrors.ustc.edu.cn/index)" = "c129aff112dcc562970abb69e2508b40850dd24c274761bb50fb8a0067ba6c27"
"checksum cfg-if 0.1.0 (registry+git://crates.mirrors.ustc.edu.cn/index)" = "de1e760d7b6535af4241fca8bd8adf68e2e7edacc6b29f5d399050c5e48cf88c"
"checksum chrono 0.2.25 (registry+git://crates.mirrors.ustc.edu.cn/index)" = "9213f7cd7c27e95c2b57c49f0e69b1ea65b27138da84a170133fd21b07659c00"
"checksum clap 2.11.0 (registry+git://crates.mirrors.ustc.edu.cn/index)" = "62db8e9e3ab6792670f99338be3dbc416f8728ba5d874c33e27aa9933e534512"
"checksum env_logger 0.3.4 (registry+git://crates.mirrors.ustc.edu.cn/index)" = "82dcb9ceed3868a03b335657b85a159736c961900f7e7747d3b0b97b9ccb5ccb"
"checksum fnv 1.0.4 (registry+git://crates.mirrors.ustc.edu.cn/index)" = "8e8af7b5408ab0c4910cad114c8f9eb454bf75df7afe8964307eeafb68a13a5e"
"checksum gcc 0.3.35 (registry+git://crates.mirrors.ustc.edu.cn/index)" = "91ecd03771effb0c968fd6950b37e89476a578aaf1c70297d8e92b6516ec3312"
"checksum kernel32-sys 0.2.2 (registry+git://crates.mirrors.ustc.edu.cn/index)" = "7507624b29483431c0ba2d82aece8ca6cdba9382bff4ddd0f7490560c056098d"
"checksum lazy_static 0.2.1 (registry+git://crates.mirrors.ustc.edu.cn/index)" = "49247ec2a285bb3dcb23cbd9c35193c025e7251bfce77c1d5da97e6362dffe7f"
"checksum libc 0.2.15 (registry+git://crates.mirrors.ustc.edu.cn/index)" = "23e3757828fa702a20072c37ff47938e9dd331b92fac6e223d26d4b7a55f7ee2"
"checksum linked-hash-map 0.0.9 (registry+git://crates.mirrors.ustc.edu.cn/index)" = "83f7ff3baae999fdf921cccf54b61842bb3b26868d50d02dff48052ebec8dd79"
"checksum log 0.3.6 (registry+git://crates.mirrors.ustc.edu.cn/index)" = "ab83497bf8bf4ed2a74259c1c802351fcd67a65baa86394b6ba73c36f4838054"
"checksum lru-cache 0.0.7 (registry+git://crates.mirrors.ustc.edu.cn/index)" = "42d50dcb5d9f145df83b1043207e1ac0c37c9c779c4e128ca4655abc3f3cbf8c"
"checksum memchr 0.1.11 (registry+git://crates.mirrors.ustc.edu.cn/index)" = "d8b629fb514376c675b98c1421e80b151d3817ac42d7c667717d282761418d20"
"checksum mio 0.5.1 (registry+git://crates.mirrors.ustc.edu.cn/index)" = "a637d1ca14eacae06296a008fa7ad955347e34efcb5891cfd8ba05491a37907e"
"checksum miow 0.1.3 (registry+git://crates.mirrors.ustc.edu.cn/index)" = "d5bfc6782530ac8ace97af10a540054a37126b63b0702ddaaa243b73b5745b9a"
"checksum net2 0.2.26 (registry+git://crates.mirrors.ustc.edu.cn/index)" = "5edf9cb6be97212423aed9413dd4729d62b370b5e1c571750e882cebbbc1e3e2"
"checksum nix 0.5.1 (registry+git://crates.mirrors.ustc.edu.cn/index)" = "bfb3ddedaa14746434a02041940495bf11325c22f6d36125d3bdd56090d50a79"
"checksum num 0.1.35 (registry+git://crates.mirrors.ustc.edu.cn/index)" = "5a9699207fab8b02bd0e56f8f06fee3f26d640303130de548898b4c9704f6d01"
"checksum num-integer 0.1.32 (registry+git://crates.mirrors.ustc.edu.cn/index)" = "fb24d9bfb3f222010df27995441ded1e954f8f69cd35021f6bef02ca9552fb92"
"checksum num-iter 0.1.32 (registry+git://crates.mirrors.ustc.edu.cn/index)" = "287a1c9969a847055e1122ec0ea7a5c5d6f72aad97934e131c83d5c08ab4e45c"
"checksum num-traits 0.1.35 (registry+git://crates.mirrors.ustc.edu.cn/index)" = "8359ea48994f253fa958b5b90b013728b06f54872e5a58bce39540fcdd0f2527"
"checksum rand 0.3.14 (registry+git://crates.mirrors.ustc.edu.cn/index)" = "2791d88c6defac799c3f20d74f094ca33b9332612d9aef9078519c82e4fe04a5"
"checksum regex 0.1.74 (registry+git://crates.mirrors.ustc.edu.cn/index)" = "8e2c54e420856bac237d4e187ece0a9046172898f4008de1a36c06e5430f5bc6"
"checksum regex-syntax 0.3.5 (registry+git://crates.mirrors.ustc.edu.cn/index)" = "279401017ae31cf4e15344aa3f085d0e2e5c1e70067289ef906906fdbe92c8fd"
"checksum rust-crypto 0.2.36 (registry+git://crates.mirrors.ustc.edu.cn/index)" = "f76d05d3993fd5f4af9434e8e436db163a12a9d40e1a58a726f27a01dfd12a2a"
"checksum rustc-serialize 0.3.19 (registry+git://crates.mirrors.ustc.edu.cn/index)" = "6159e4e6e559c81bd706afe9c8fd68f547d3e851ce12e76b1de7914bab61691b"
"checksum slab 0.1.3 (registry+git://crates.mirrors.ustc.edu.cn/index)" = "d807fd58c4181bbabed77cb3b891ba9748241a552bcc5be698faaebefc54f46e"
"checksum strsim 0.5.1 (registry+git://crates.mirrors.ustc.edu.cn/index)" = "50c069df92e4b01425a8bf3576d5d417943a6a7272fbabaf5bd80b1aaa76442e"
"checksum term_size 0.1.1 (registry+git://crates.mirrors.ustc.edu.cn/index)" = "d470ef1b870a5c71e691676ff34397b175820fd35e30550e5244f35079be02bf"
"checksum thread-id 2.0.0 (registry+git://crates.mirrors.ustc.edu.cn/index)" = "a9539db560102d1cef46b8b78ce737ff0bb64e7e18d35b2a5688f7d097d0ff03"
"checksum thread_local 0.2.6 (registry+git://crates.mirrors.ustc.edu.cn/index)" = "55dd963dbaeadc08aa7266bf7f91c3154a7805e32bb94b820b769d2ef3b4744d"
"checksum time 0.1.35 (registry+git://crates.mirrors.ustc.edu.cn/index)" = "3c7ec6d62a20df54e07ab3b78b9a3932972f4b7981de295563686849eb3989af"
"checksum toml 0.1.30 (registry+git://crates.mirrors.ustc.edu.cn/index)" = "0590d72182e50e879c4da3b11c6488dae18fccb1ae0c7a3eda18e16795844796"
"checksum try_opt 0.1.1 (registry+git://crates.mirrors.ustc.edu.cn/index)" = "d30b71e7ba40551f9873f3ba9f4ee36f16015adf0962aba57caf403088370db1"
"checksum unicode-segmentation 0.1.2 (registry+git://crates.mirrors.ustc.edu.cn/index)" = "b905d0fc2a1f0befd86b0e72e31d1787944efef9d38b9358a9e92a69757f7e3b"
"checksum unicode-width 0.1.3 (registry+git://crates.mirrors.ustc.edu.cn/index)" = "2d6722facc10989f63ee0e20a83cd4e1714a9ae11529403ac7e0afd069abc39e"
"checksum utf8-ranges 0.1.3 (registry+git://crates.mirrors.ustc.edu.cn/index)" = "a1ca13c08c41c9c3e04224ed9ff80461d97e121589ff27c753a16cb10830ae0f"
"checksum vec_map 0.6.0 (registry+git://crates.mirrors.ustc.edu.cn/index)" = "cac5efe5cb0fa14ec2f84f83c701c562ee63f6dcc680861b21d65c682adfb05f"
"checksum winapi 0.2.8 (registry+git://crates.mirrors.ustc.edu.cn/index)" = "167dc9d6949a9b857f3451275e911c3f44255842c1f7a76f33c55103a909087a"
"checksum winapi-build 0.1.1 (registry+git://crates.mirrors.ustc.edu.cn/index)" = "2d315eee3b34aca4797b2da6b13ed88266e6d612562a0c46390af8299fc699bc"
"checksum ws2_32-sys 0.2.1 (registry+git://crates.mirrors.ustc.edu.cn/index)" = "d59cefebd0c892fa2dd6de581e937301d8552cb44489cdff035c6187cb63fa5e"
