[root]
name = "shadowsocks-rust"
version = "0.1.0"
dependencies = [
 "byteorder 0.5.3 (registry+git://crates.mirrors.ustc.edu.cn/index)",
 "env_logger 0.3.4 (registry+git://crates.mirrors.ustc.edu.cn/index)",
 "fnv 1.0.3 (registry+git://crates.mirrors.ustc.edu.cn/index)",
 "lazy_static 0.2.1 (registry+git://crates.mirrors.ustc.edu.cn/index)",
 "log 0.3.6 (registry+git://crates.mirrors.ustc.edu.cn/index)",
 "lru-cache 0.0.7 (registry+git://crates.mirrors.ustc.edu.cn/index)",
 "mio 0.5.1 (registry+git://crates.mirrors.ustc.edu.cn/index)",
 "rand 0.3.14 (registry+git://crates.mirrors.ustc.edu.cn/index)",
 "regex 0.1.73 (registry+git://crates.mirrors.ustc.edu.cn/index)",
 "rust-crypto 0.2.36 (registry+git://crates.mirrors.ustc.edu.cn/index)",
 "toml 0.1.30 (registry+git://crates.mirrors.ustc.edu.cn/index)",
 "try_opt 0.1.1 (registry+git://crates.mirrors.ustc.edu.cn/index)",
]

[[package]]
name = "aho-corasick"
version = "0.5.2"
source = "registry+git://crates.mirrors.ustc.edu.cn/index"
dependencies = [
 "memchr 0.1.11 (registry+git://crates.mirrors.ustc.edu.cn/index)",
]

[[package]]
name = "bitflags"
version = "0.4.0"
source = "registry+git://crates.mirrors.ustc.edu.cn/index"

[[package]]
name = "byteorder"
version = "0.5.3"
source = "registry+git://crates.mirrors.ustc.edu.cn/index"

[[package]]
name = "bytes"
version = "0.3.0"
source = "registry+git://crates.mirrors.ustc.edu.cn/index"

[[package]]
name = "cfg-if"
version = "0.1.0"
source = "registry+git://crates.mirrors.ustc.edu.cn/index"

[[package]]
name = "env_logger"
version = "0.3.4"
source = "registry+git://crates.mirrors.ustc.edu.cn/index"
dependencies = [
 "log 0.3.6 (registry+git://crates.mirrors.ustc.edu.cn/index)",
 "regex 0.1.73 (registry+git://crates.mirrors.ustc.edu.cn/index)",
]

[[package]]
name = "fnv"
version = "1.0.3"
source = "registry+git://crates.mirrors.ustc.edu.cn/index"

[[package]]
name = "gcc"
version = "0.3.32"
source = "registry+git://crates.mirrors.ustc.edu.cn/index"

[[package]]
name = "kernel32-sys"
version = "0.2.2"
source = "registry+git://crates.mirrors.ustc.edu.cn/index"
dependencies = [
 "winapi 0.2.8 (registry+git://crates.mirrors.ustc.edu.cn/index)",
 "winapi-build 0.1.1 (registry+git://crates.mirrors.ustc.edu.cn/index)",
]

[[package]]
name = "lazy_static"
version = "0.2.1"
source = "registry+git://crates.mirrors.ustc.edu.cn/index"

[[package]]
name = "libc"
version = "0.2.15"
source = "registry+git://crates.mirrors.ustc.edu.cn/index"

[[package]]
name = "linked-hash-map"
version = "0.0.9"
source = "registry+git://crates.mirrors.ustc.edu.cn/index"

[[package]]
name = "log"
version = "0.3.6"
source = "registry+git://crates.mirrors.ustc.edu.cn/index"

[[package]]
name = "lru-cache"
version = "0.0.7"
source = "registry+git://crates.mirrors.ustc.edu.cn/index"
dependencies = [
 "linked-hash-map 0.0.9 (registry+git://crates.mirrors.ustc.edu.cn/index)",
]

[[package]]
name = "memchr"
version = "0.1.11"
source = "registry+git://crates.mirrors.ustc.edu.cn/index"
dependencies = [
 "libc 0.2.15 (registry+git://crates.mirrors.ustc.edu.cn/index)",
]

[[package]]
name = "mio"
version = "0.5.1"
source = "registry+git://crates.mirrors.ustc.edu.cn/index"
dependencies = [
 "bytes 0.3.0 (registry+git://crates.mirrors.ustc.edu.cn/index)",
 "libc 0.2.15 (registry+git://crates.mirrors.ustc.edu.cn/index)",
 "log 0.3.6 (registry+git://crates.mirrors.ustc.edu.cn/index)",
 "miow 0.1.3 (registry+git://crates.mirrors.ustc.edu.cn/index)",
 "net2 0.2.26 (registry+git://crates.mirrors.ustc.edu.cn/index)",
 "nix 0.5.1 (registry+git://crates.mirrors.ustc.edu.cn/index)",
 "slab 0.1.3 (registry+git://crates.mirrors.ustc.edu.cn/index)",
 "time 0.1.35 (registry+git://crates.mirrors.ustc.edu.cn/index)",
 "winapi 0.2.8 (registry+git://crates.mirrors.ustc.edu.cn/index)",
]

[[package]]
name = "miow"
version = "0.1.3"
source = "registry+git://crates.mirrors.ustc.edu.cn/index"
dependencies = [
 "kernel32-sys 0.2.2 (registry+git://crates.mirrors.ustc.edu.cn/index)",
 "net2 0.2.26 (registry+git://crates.mirrors.ustc.edu.cn/index)",
 "winapi 0.2.8 (registry+git://crates.mirrors.ustc.edu.cn/index)",
 "ws2_32-sys 0.2.1 (registry+git://crates.mirrors.ustc.edu.cn/index)",
]

[[package]]
name = "net2"
version = "0.2.26"
source = "registry+git://crates.mirrors.ustc.edu.cn/index"
dependencies = [
 "cfg-if 0.1.0 (registry+git://crates.mirrors.ustc.edu.cn/index)",
 "kernel32-sys 0.2.2 (registry+git://crates.mirrors.ustc.edu.cn/index)",
 "libc 0.2.15 (registry+git://crates.mirrors.ustc.edu.cn/index)",
 "winapi 0.2.8 (registry+git://crates.mirrors.ustc.edu.cn/index)",
 "ws2_32-sys 0.2.1 (registry+git://crates.mirrors.ustc.edu.cn/index)",
]

[[package]]
name = "nix"
version = "0.5.1"
source = "registry+git://crates.mirrors.ustc.edu.cn/index"
dependencies = [
 "bitflags 0.4.0 (registry+git://crates.mirrors.ustc.edu.cn/index)",
 "libc 0.2.15 (registry+git://crates.mirrors.ustc.edu.cn/index)",
]

[[package]]
name = "rand"
version = "0.3.14"
source = "registry+git://crates.mirrors.ustc.edu.cn/index"
dependencies = [
 "libc 0.2.15 (registry+git://crates.mirrors.ustc.edu.cn/index)",
]

[[package]]
name = "regex"
version = "0.1.73"
source = "registry+git://crates.mirrors.ustc.edu.cn/index"
dependencies = [
 "aho-corasick 0.5.2 (registry+git://crates.mirrors.ustc.edu.cn/index)",
 "memchr 0.1.11 (registry+git://crates.mirrors.ustc.edu.cn/index)",
 "regex-syntax 0.3.4 (registry+git://crates.mirrors.ustc.edu.cn/index)",
 "thread_local 0.2.6 (registry+git://crates.mirrors.ustc.edu.cn/index)",
 "utf8-ranges 0.1.3 (registry+git://crates.mirrors.ustc.edu.cn/index)",
]

[[package]]
name = "regex-syntax"
version = "0.3.4"
source = "registry+git://crates.mirrors.ustc.edu.cn/index"

[[package]]
name = "rust-crypto"
version = "0.2.36"
source = "registry+git://crates.mirrors.ustc.edu.cn/index"
dependencies = [
 "gcc 0.3.32 (registry+git://crates.mirrors.ustc.edu.cn/index)",
 "libc 0.2.15 (registry+git://crates.mirrors.ustc.edu.cn/index)",
 "rand 0.3.14 (registry+git://crates.mirrors.ustc.edu.cn/index)",
 "rustc-serialize 0.3.19 (registry+git://crates.mirrors.ustc.edu.cn/index)",
 "time 0.1.35 (registry+git://crates.mirrors.ustc.edu.cn/index)",
]

[[package]]
name = "rustc-serialize"
version = "0.3.19"
source = "registry+git://crates.mirrors.ustc.edu.cn/index"

[[package]]
name = "slab"
version = "0.1.3"
source = "registry+git://crates.mirrors.ustc.edu.cn/index"

[[package]]
name = "thread-id"
version = "2.0.0"
source = "registry+git://crates.mirrors.ustc.edu.cn/index"
dependencies = [
 "kernel32-sys 0.2.2 (registry+git://crates.mirrors.ustc.edu.cn/index)",
 "libc 0.2.15 (registry+git://crates.mirrors.ustc.edu.cn/index)",
]

[[package]]
name = "thread_local"
version = "0.2.6"
source = "registry+git://crates.mirrors.ustc.edu.cn/index"
dependencies = [
 "thread-id 2.0.0 (registry+git://crates.mirrors.ustc.edu.cn/index)",
]

[[package]]
name = "time"
version = "0.1.35"
source = "registry+git://crates.mirrors.ustc.edu.cn/index"
dependencies = [
 "kernel32-sys 0.2.2 (registry+git://crates.mirrors.ustc.edu.cn/index)",
 "libc 0.2.15 (registry+git://crates.mirrors.ustc.edu.cn/index)",
 "winapi 0.2.8 (registry+git://crates.mirrors.ustc.edu.cn/index)",
]

[[package]]
name = "toml"
version = "0.1.30"
source = "registry+git://crates.mirrors.ustc.edu.cn/index"
dependencies = [
 "rustc-serialize 0.3.19 (registry+git://crates.mirrors.ustc.edu.cn/index)",
]

[[package]]
name = "try_opt"
version = "0.1.1"
source = "registry+git://crates.mirrors.ustc.edu.cn/index"

[[package]]
name = "utf8-ranges"
version = "0.1.3"
source = "registry+git://crates.mirrors.ustc.edu.cn/index"

[[package]]
name = "winapi"
version = "0.2.8"
source = "registry+git://crates.mirrors.ustc.edu.cn/index"

[[package]]
name = "winapi-build"
version = "0.1.1"
source = "registry+git://crates.mirrors.ustc.edu.cn/index"

[[package]]
name = "ws2_32-sys"
version = "0.2.1"
source = "registry+git://crates.mirrors.ustc.edu.cn/index"
dependencies = [
 "winapi 0.2.8 (registry+git://crates.mirrors.ustc.edu.cn/index)",
 "winapi-build 0.1.1 (registry+git://crates.mirrors.ustc.edu.cn/index)",
]

[metadata]
"checksum aho-corasick 0.5.2 (registry+git://crates.mirrors.ustc.edu.cn/index)" = "2b3fb52b09c1710b961acb35390d514be82e4ac96a9969a8e38565a29b878dc9"
"checksum bitflags 0.4.0 (registry+git://crates.mirrors.ustc.edu.cn/index)" = "8dead7461c1127cf637931a1e50934eb6eee8bff2f74433ac7909e9afcee04a3"
"checksum byteorder 0.5.3 (registry+git://crates.mirrors.ustc.edu.cn/index)" = "0fc10e8cc6b2580fda3f36eb6dc5316657f812a3df879a44a66fc9f0fdbc4855"
"checksum bytes 0.3.0 (registry+git://crates.mirrors.ustc.edu.cn/index)" = "c129aff112dcc562970abb69e2508b40850dd24c274761bb50fb8a0067ba6c27"
"checksum cfg-if 0.1.0 (registry+git://crates.mirrors.ustc.edu.cn/index)" = "de1e760d7b6535af4241fca8bd8adf68e2e7edacc6b29f5d399050c5e48cf88c"
"checksum env_logger 0.3.4 (registry+git://crates.mirrors.ustc.edu.cn/index)" = "82dcb9ceed3868a03b335657b85a159736c961900f7e7747d3b0b97b9ccb5ccb"
"checksum fnv 1.0.3 (registry+git://crates.mirrors.ustc.edu.cn/index)" = "d3d4285d5aa1cf04504b7d8c2d1fdccf4586b56739499a04cc58663b2543cd30"
"checksum gcc 0.3.32 (registry+git://crates.mirrors.ustc.edu.cn/index)" = "dcb000abd6df9df4c637f75190297ebe56c1d7e66b56bbf3b4aa7aece15f61a2"
"checksum kernel32-sys 0.2.2 (registry+git://crates.mirrors.ustc.edu.cn/index)" = "7507624b29483431c0ba2d82aece8ca6cdba9382bff4ddd0f7490560c056098d"
"checksum lazy_static 0.2.1 (registry+git://crates.mirrors.ustc.edu.cn/index)" = "49247ec2a285bb3dcb23cbd9c35193c025e7251bfce77c1d5da97e6362dffe7f"
"checksum libc 0.2.15 (registry+git://crates.mirrors.ustc.edu.cn/index)" = "23e3757828fa702a20072c37ff47938e9dd331b92fac6e223d26d4b7a55f7ee2"
"checksum linked-hash-map 0.0.9 (registry+git://crates.mirrors.ustc.edu.cn/index)" = "83f7ff3baae999fdf921cccf54b61842bb3b26868d50d02dff48052ebec8dd79"
"checksum log 0.3.6 (registry+git://crates.mirrors.ustc.edu.cn/index)" = "ab83497bf8bf4ed2a74259c1c802351fcd67a65baa86394b6ba73c36f4838054"
"checksum lru-cache 0.0.7 (registry+git://crates.mirrors.ustc.edu.cn/index)" = "42d50dcb5d9f145df83b1043207e1ac0c37c9c779c4e128ca4655abc3f3cbf8c"
"checksum memchr 0.1.11 (registry+git://crates.mirrors.ustc.edu.cn/index)" = "d8b629fb514376c675b98c1421e80b151d3817ac42d7c667717d282761418d20"
"checksum mio 0.5.1 (registry+git://crates.mirrors.ustc.edu.cn/index)" = "a637d1ca14eacae06296a008fa7ad955347e34efcb5891cfd8ba05491a37907e"
"checksum miow 0.1.3 (registry+git://crates.mirrors.ustc.edu.cn/index)" = "d5bfc6782530ac8ace97af10a540054a37126b63b0702ddaaa243b73b5745b9a"
"checksum net2 0.2.26 (registry+git://crates.mirrors.ustc.edu.cn/index)" = "5edf9cb6be97212423aed9413dd4729d62b370b5e1c571750e882cebbbc1e3e2"
"checksum nix 0.5.1 (registry+git://crates.mirrors.ustc.edu.cn/index)" = "bfb3ddedaa14746434a02041940495bf11325c22f6d36125d3bdd56090d50a79"
"checksum rand 0.3.14 (registry+git://crates.mirrors.ustc.edu.cn/index)" = "2791d88c6defac799c3f20d74f094ca33b9332612d9aef9078519c82e4fe04a5"
"checksum regex 0.1.73 (registry+git://crates.mirrors.ustc.edu.cn/index)" = "56b7ee9f764ecf412c6e2fff779bca4b22980517ae335a21aeaf4e32625a5df2"
"checksum regex-syntax 0.3.4 (registry+git://crates.mirrors.ustc.edu.cn/index)" = "31040aad7470ad9d8c46302dcffba337bb4289ca5da2e3cd6e37b64109a85199"
"checksum rust-crypto 0.2.36 (registry+git://crates.mirrors.ustc.edu.cn/index)" = "f76d05d3993fd5f4af9434e8e436db163a12a9d40e1a58a726f27a01dfd12a2a"
"checksum rustc-serialize 0.3.19 (registry+git://crates.mirrors.ustc.edu.cn/index)" = "6159e4e6e559c81bd706afe9c8fd68f547d3e851ce12e76b1de7914bab61691b"
"checksum slab 0.1.3 (registry+git://crates.mirrors.ustc.edu.cn/index)" = "d807fd58c4181bbabed77cb3b891ba9748241a552bcc5be698faaebefc54f46e"
"checksum thread-id 2.0.0 (registry+git://crates.mirrors.ustc.edu.cn/index)" = "a9539db560102d1cef46b8b78ce737ff0bb64e7e18d35b2a5688f7d097d0ff03"
"checksum thread_local 0.2.6 (registry+git://crates.mirrors.ustc.edu.cn/index)" = "55dd963dbaeadc08aa7266bf7f91c3154a7805e32bb94b820b769d2ef3b4744d"
"checksum time 0.1.35 (registry+git://crates.mirrors.ustc.edu.cn/index)" = "3c7ec6d62a20df54e07ab3b78b9a3932972f4b7981de295563686849eb3989af"
"checksum toml 0.1.30 (registry+git://crates.mirrors.ustc.edu.cn/index)" = "0590d72182e50e879c4da3b11c6488dae18fccb1ae0c7a3eda18e16795844796"
"checksum try_opt 0.1.1 (registry+git://crates.mirrors.ustc.edu.cn/index)" = "d30b71e7ba40551f9873f3ba9f4ee36f16015adf0962aba57caf403088370db1"
"checksum utf8-ranges 0.1.3 (registry+git://crates.mirrors.ustc.edu.cn/index)" = "a1ca13c08c41c9c3e04224ed9ff80461d97e121589ff27c753a16cb10830ae0f"
"checksum winapi 0.2.8 (registry+git://crates.mirrors.ustc.edu.cn/index)" = "167dc9d6949a9b857f3451275e911c3f44255842c1f7a76f33c55103a909087a"
"checksum winapi-build 0.1.1 (registry+git://crates.mirrors.ustc.edu.cn/index)" = "2d315eee3b34aca4797b2da6b13ed88266e6d612562a0c46390af8299fc699bc"
"checksum ws2_32-sys 0.2.1 (registry+git://crates.mirrors.ustc.edu.cn/index)" = "d59cefebd0c892fa2dd6de581e937301d8552cb44489cdff035c6187cb63fa5e"
